
Microsoft Visual Studio Solution File, Format Version 12.00
# Visual Studio Version 17
VisualStudioVersion = 17.9.34728.123
MinimumVisualStudioVersion = 10.0.40219.1
Project("{FAE04EC0-301F-11D3-BF4B-00C04F79EFBC}") = "car_agency", "car_agency\car_agency.csproj", "{D62D477F-1B94-44B5-809C-8E4302136780}"
EndProject
Global
	GlobalSection(SolutionConfigurationPlatforms) = preSolution
		Debug|Any CPU = Debug|Any CPU
		Release|Any CPU = Release|Any CPU
	EndGlobalSection
	GlobalSection(ProjectConfigurationPlatforms) = postSolution
		{D62D477F-1B94-44B5-809C-8E4302136780}.Debug|Any CPU.ActiveCfg = Debug|Any CPU
		{D62D477F-1B94-44B5-809C-8E4302136780}.Debug|Any CPU.Build.0 = Debug|Any CPU
		{D62D477F-1B94-44B5-809C-8E4302136780}.Release|Any CPU.ActiveCfg = Release|Any CPU
		{D62D477F-1B94-44B5-809C-8E4302136780}.Release|Any CPU.Build.0 = Release|Any CPU
	EndGlobalSection
	GlobalSection(SolutionProperties) = preSolution
		HideSolutionNode = FALSE
	EndGlobalSection
	GlobalSection(ExtensibilityGlobals) = postSolution
		SolutionGuid = {B87EA617-69E2-469B-A50B-40E0EB4523EE}
	EndGlobalSection
EndGlobal
